
Microsoft Visual Studio Solution File, Format Version 12.00
# Visual Studio Version 17
VisualStudioVersion = 17.10.35027.167
MinimumVisualStudioVersion = 10.0.40219.1
Project("{FAE04EC0-301F-11D3-BF4B-00C04F79EFBC}") = "SimpleWebAPI", "SimpleWebAPI\SimpleWebAPI.csproj", "{9B7A38D3-A51A-4F46-9632-28245B6CE384}"
EndProject
Project("{FAE04EC0-301F-11D3-BF4B-00C04F79EFBC}") = "SimpleWebAPI.Tests", "SimpleWebAPI.Tests\SimpleWebAPI.Tests.csproj", "{F7877C0A-BA96-4E1B-8106-0E419735BCB1}"
EndProject
Global
	GlobalSection(SolutionConfigurationPlatforms) = preSolution
		Debug|Any CPU = Debug|Any CPU
		Release|Any CPU = Release|Any CPU
	EndGlobalSection
	GlobalSection(ProjectConfigurationPlatforms) = postSolution
		{9B7A38D3-A51A-4F46-9632-28245B6CE384}.Debug|Any CPU.ActiveCfg = Debug|Any CPU
		{9B7A38D3-A51A-4F46-9632-28245B6CE384}.Debug|Any CPU.Build.0 = Debug|Any CPU
		{9B7A38D3-A51A-4F46-9632-28245B6CE384}.Release|Any CPU.ActiveCfg = Release|Any CPU
		{9B7A38D3-A51A-4F46-9632-28245B6CE384}.Release|Any CPU.Build.0 = Release|Any CPU
		{F7877C0A-BA96-4E1B-8106-0E419735BCB1}.Debug|Any CPU.ActiveCfg = Debug|Any CPU
		{F7877C0A-BA96-4E1B-8106-0E419735BCB1}.Debug|Any CPU.Build.0 = Debug|Any CPU
		{F7877C0A-BA96-4E1B-8106-0E419735BCB1}.Release|Any CPU.ActiveCfg = Release|Any CPU
		{F7877C0A-BA96-4E1B-8106-0E419735BCB1}.Release|Any CPU.Build.0 = Release|Any CPU
	EndGlobalSection
	GlobalSection(SolutionProperties) = preSolution
		HideSolutionNode = FALSE
	EndGlobalSection
	GlobalSection(ExtensibilityGlobals) = postSolution
		SolutionGuid = {DA3336A5-9A79-4A9F-9B3C-2A7F7C61B369}
	EndGlobalSection
EndGlobal
