
Microsoft Visual Studio Solution File, Format Version 12.00
# Visual Studio Version 17
VisualStudioVersion = 17.10.35027.167
MinimumVisualStudioVersion = 10.0.40219.1
Project("{FAE04EC0-301F-11D3-BF4B-00C04F79EFBC}") = "DemoFirst", "DemoFirst\DemoFirst.csproj", "{5191E644-A2F8-4FBE-8CB2-7653806412E1}"
EndProject
Global
	GlobalSection(SolutionConfigurationPlatforms) = preSolution
		Debug|Any CPU = Debug|Any CPU
		Release|Any CPU = Release|Any CPU
	EndGlobalSection
	GlobalSection(ProjectConfigurationPlatforms) = postSolution
		{5191E644-A2F8-4FBE-8CB2-7653806412E1}.Debug|Any CPU.ActiveCfg = Debug|Any CPU
		{5191E644-A2F8-4FBE-8CB2-7653806412E1}.Debug|Any CPU.Build.0 = Debug|Any CPU
		{5191E644-A2F8-4FBE-8CB2-7653806412E1}.Release|Any CPU.ActiveCfg = Release|Any CPU
		{5191E644-A2F8-4FBE-8CB2-7653806412E1}.Release|Any CPU.Build.0 = Release|Any CPU
	EndGlobalSection
	GlobalSection(SolutionProperties) = preSolution
		HideSolutionNode = FALSE
	EndGlobalSection
	GlobalSection(ExtensibilityGlobals) = postSolution
		SolutionGuid = {48229C35-ACA2-4D31-9B68-69C9D6758076}
	EndGlobalSection
EndGlobal
