
Microsoft Visual Studio Solution File, Format Version 12.00
# Visual Studio Version 17
VisualStudioVersion = 17.10.35027.167
MinimumVisualStudioVersion = 10.0.40219.1
Project("{FAE04EC0-301F-11D3-BF4B-00C04F79EFBC}") = "Decorator", "Decorator\Decorator.csproj", "{2B3C38F1-7148-4D50-9742-FA9511E59AA1}"
EndProject
Global
	GlobalSection(SolutionConfigurationPlatforms) = preSolution
		Debug|Any CPU = Debug|Any CPU
		Release|Any CPU = Release|Any CPU
	EndGlobalSection
	GlobalSection(ProjectConfigurationPlatforms) = postSolution
		{2B3C38F1-7148-4D50-9742-FA9511E59AA1}.Debug|Any CPU.ActiveCfg = Debug|Any CPU
		{2B3C38F1-7148-4D50-9742-FA9511E59AA1}.Debug|Any CPU.Build.0 = Debug|Any CPU
		{2B3C38F1-7148-4D50-9742-FA9511E59AA1}.Release|Any CPU.ActiveCfg = Release|Any CPU
		{2B3C38F1-7148-4D50-9742-FA9511E59AA1}.Release|Any CPU.Build.0 = Release|Any CPU
	EndGlobalSection
	GlobalSection(SolutionProperties) = preSolution
		HideSolutionNode = FALSE
	EndGlobalSection
	GlobalSection(ExtensibilityGlobals) = postSolution
		SolutionGuid = {7F04FAFD-FD04-47E3-8090-08BCBBA61208}
	EndGlobalSection
EndGlobal
