
Microsoft Visual Studio Solution File, Format Version 12.00
# Visual Studio Version 17
VisualStudioVersion = 17.10.35027.167
MinimumVisualStudioVersion = 10.0.40219.1
Project("{FAE04EC0-301F-11D3-BF4B-00C04F79EFBC}") = "BurgerShop.API", "BurgerShop.API\BurgerShop.API.csproj", "{C5AB2197-C242-4E97-8E22-F22651653785}"
EndProject
Project("{FAE04EC0-301F-11D3-BF4B-00C04F79EFBC}") = "BurgerShop.Data", "BurgerShop.Data\BurgerShop.Data.csproj", "{A8CC3E8A-D5AB-4207-A2CF-F2FE56307B79}"
EndProject
Project("{2150E333-8FDC-42A3-9474-1A3956D46DE8}") = "FrontEnd", "FrontEnd", "{02F562D7-B928-4B3F-8DE0-733538EFE045}"
	ProjectSection(SolutionItems) = preProject
		CartPage.html = CartPage.html
		index.html = index.html
		MenuPage.html = MenuPage.html
	EndProjectSection
EndProject
Project("{2150E333-8FDC-42A3-9474-1A3956D46DE8}") = "CSS", "CSS", "{CAC2BDE8-75F3-46CD-987B-A733D226E381}"
	ProjectSection(SolutionItems) = preProject
		CartStyle.css = CartStyle.css
		index-Style.css = index-Style.css
		MenuStyle.css = MenuStyle.css
	EndProjectSection
EndProject
Project("{2150E333-8FDC-42A3-9474-1A3956D46DE8}") = "Images", "Images", "{F9677C2B-9BEA-449E-A635-9BA2E5936660}"
EndProject
Global
	GlobalSection(SolutionConfigurationPlatforms) = preSolution
		Debug|Any CPU = Debug|Any CPU
		Release|Any CPU = Release|Any CPU
	EndGlobalSection
	GlobalSection(ProjectConfigurationPlatforms) = postSolution
		{C5AB2197-C242-4E97-8E22-F22651653785}.Debug|Any CPU.ActiveCfg = Debug|Any CPU
		{C5AB2197-C242-4E97-8E22-F22651653785}.Debug|Any CPU.Build.0 = Debug|Any CPU
		{C5AB2197-C242-4E97-8E22-F22651653785}.Release|Any CPU.ActiveCfg = Release|Any CPU
		{C5AB2197-C242-4E97-8E22-F22651653785}.Release|Any CPU.Build.0 = Release|Any CPU
		{A8CC3E8A-D5AB-4207-A2CF-F2FE56307B79}.Debug|Any CPU.ActiveCfg = Debug|Any CPU
		{A8CC3E8A-D5AB-4207-A2CF-F2FE56307B79}.Debug|Any CPU.Build.0 = Debug|Any CPU
		{A8CC3E8A-D5AB-4207-A2CF-F2FE56307B79}.Release|Any CPU.ActiveCfg = Release|Any CPU
		{A8CC3E8A-D5AB-4207-A2CF-F2FE56307B79}.Release|Any CPU.Build.0 = Release|Any CPU
	EndGlobalSection
	GlobalSection(SolutionProperties) = preSolution
		HideSolutionNode = FALSE
	EndGlobalSection
	GlobalSection(NestedProjects) = preSolution
		{CAC2BDE8-75F3-46CD-987B-A733D226E381} = {02F562D7-B928-4B3F-8DE0-733538EFE045}
		{F9677C2B-9BEA-449E-A635-9BA2E5936660} = {02F562D7-B928-4B3F-8DE0-733538EFE045}
	EndGlobalSection
	GlobalSection(ExtensibilityGlobals) = postSolution
		SolutionGuid = {0463DB48-D95C-4A8C-B978-1BCD826DF22C}
	EndGlobalSection
EndGlobal
