
Microsoft Visual Studio Solution File, Format Version 12.00
# Visual Studio Version 17
VisualStudioVersion = 17.10.35027.167
MinimumVisualStudioVersion = 10.0.40219.1
Project("{FAE04EC0-301F-11D3-BF4B-00C04F79EFBC}") = "DBFirstApproach", "DBFirstApproach\DBFirstApproach.csproj", "{6940D0FC-5F41-40D4-B973-04FCEEB3F112}"
EndProject
Global
	GlobalSection(SolutionConfigurationPlatforms) = preSolution
		Debug|Any CPU = Debug|Any CPU
		Release|Any CPU = Release|Any CPU
	EndGlobalSection
	GlobalSection(ProjectConfigurationPlatforms) = postSolution
		{6940D0FC-5F41-40D4-B973-04FCEEB3F112}.Debug|Any CPU.ActiveCfg = Debug|Any CPU
		{6940D0FC-5F41-40D4-B973-04FCEEB3F112}.Debug|Any CPU.Build.0 = Debug|Any CPU
		{6940D0FC-5F41-40D4-B973-04FCEEB3F112}.Release|Any CPU.ActiveCfg = Release|Any CPU
		{6940D0FC-5F41-40D4-B973-04FCEEB3F112}.Release|Any CPU.Build.0 = Release|Any CPU
	EndGlobalSection
	GlobalSection(SolutionProperties) = preSolution
		HideSolutionNode = FALSE
	EndGlobalSection
	GlobalSection(ExtensibilityGlobals) = postSolution
		SolutionGuid = {211ACD82-3A3A-45A2-AE95-8957C6F0B67F}
	EndGlobalSection
EndGlobal
